
Microsoft Visual Studio Solution File, Format Version 12.00
Project("{FAE04EC0-301F-11D3-BF4B-00C04F79EFBC}") = "BankAccount.AggregateRepository", "BankAccount.AggregateRepository\BankAccount.AggregateRepository.csproj", "{0C4B0FA6-7153-4353-AEEA-429E047F1A29}"
EndProject
Project("{FAE04EC0-301F-11D3-BF4B-00C04F79EFBC}") = "BankAccount.CommandHandlers", "BankAccount.CommandHandlers\BankAccount.CommandHandlers.csproj", "{4AF7066C-7F19-4F2E-B313-01D5EE54DD4F}"
EndProject
Project("{FAE04EC0-301F-11D3-BF4B-00C04F79EFBC}") = "BankAccount.Commands", "BankAccount.Commands\BankAccount.Commands.csproj", "{BFA53420-187A-40F8-83CC-3FCCD0D37D09}"
EndProject
Project("{FAE04EC0-301F-11D3-BF4B-00C04F79EFBC}") = "BankAccount.Domain", "BankAccount.Domain\BankAccount.Domain.csproj", "{7586DFD1-4336-48B1-994B-0C888222CD17}"
EndProject
Project("{FAE04EC0-301F-11D3-BF4B-00C04F79EFBC}") = "InMemoryEventSourcing", "InMemoryEventSourcing\InMemoryEventSourcing.csproj", "{DEACDE2E-E1C7-4C66-9B36-BB895C6A74E9}"
EndProject
Project("{FAE04EC0-301F-11D3-BF4B-00C04F79EFBC}") = "BankAccount.Domain.Tests", "tests\BankAccount.Domain.Tests\BankAccount.Domain.Tests.csproj", "{AE2744CE-0069-4604-9EFF-E2FA1DCD838B}"
EndProject
Project("{2150E333-8FDC-42A3-9474-1A3956D46DE8}") = "tests", "tests", "{25A72C6C-0A87-48D3-B082-5CAD35C612B0}"
EndProject
Global
	GlobalSection(SolutionConfigurationPlatforms) = preSolution
		Debug|Any CPU = Debug|Any CPU
		Release|Any CPU = Release|Any CPU
	EndGlobalSection
	GlobalSection(ProjectConfigurationPlatforms) = postSolution
		{0C4B0FA6-7153-4353-AEEA-429E047F1A29}.Debug|Any CPU.ActiveCfg = Debug|Any CPU
		{0C4B0FA6-7153-4353-AEEA-429E047F1A29}.Debug|Any CPU.Build.0 = Debug|Any CPU
		{0C4B0FA6-7153-4353-AEEA-429E047F1A29}.Release|Any CPU.ActiveCfg = Release|Any CPU
		{0C4B0FA6-7153-4353-AEEA-429E047F1A29}.Release|Any CPU.Build.0 = Release|Any CPU
		{4AF7066C-7F19-4F2E-B313-01D5EE54DD4F}.Debug|Any CPU.ActiveCfg = Debug|Any CPU
		{4AF7066C-7F19-4F2E-B313-01D5EE54DD4F}.Debug|Any CPU.Build.0 = Debug|Any CPU
		{4AF7066C-7F19-4F2E-B313-01D5EE54DD4F}.Release|Any CPU.ActiveCfg = Release|Any CPU
		{4AF7066C-7F19-4F2E-B313-01D5EE54DD4F}.Release|Any CPU.Build.0 = Release|Any CPU
		{BFA53420-187A-40F8-83CC-3FCCD0D37D09}.Debug|Any CPU.ActiveCfg = Debug|Any CPU
		{BFA53420-187A-40F8-83CC-3FCCD0D37D09}.Debug|Any CPU.Build.0 = Debug|Any CPU
		{BFA53420-187A-40F8-83CC-3FCCD0D37D09}.Release|Any CPU.ActiveCfg = Release|Any CPU
		{BFA53420-187A-40F8-83CC-3FCCD0D37D09}.Release|Any CPU.Build.0 = Release|Any CPU
		{7586DFD1-4336-48B1-994B-0C888222CD17}.Debug|Any CPU.ActiveCfg = Debug|Any CPU
		{7586DFD1-4336-48B1-994B-0C888222CD17}.Debug|Any CPU.Build.0 = Debug|Any CPU
		{7586DFD1-4336-48B1-994B-0C888222CD17}.Release|Any CPU.ActiveCfg = Release|Any CPU
		{7586DFD1-4336-48B1-994B-0C888222CD17}.Release|Any CPU.Build.0 = Release|Any CPU
		{DEACDE2E-E1C7-4C66-9B36-BB895C6A74E9}.Debug|Any CPU.ActiveCfg = Debug|Any CPU
		{DEACDE2E-E1C7-4C66-9B36-BB895C6A74E9}.Debug|Any CPU.Build.0 = Debug|Any CPU
		{DEACDE2E-E1C7-4C66-9B36-BB895C6A74E9}.Release|Any CPU.ActiveCfg = Release|Any CPU
		{DEACDE2E-E1C7-4C66-9B36-BB895C6A74E9}.Release|Any CPU.Build.0 = Release|Any CPU
		{AE2744CE-0069-4604-9EFF-E2FA1DCD838B}.Debug|Any CPU.ActiveCfg = Debug|Any CPU
		{AE2744CE-0069-4604-9EFF-E2FA1DCD838B}.Debug|Any CPU.Build.0 = Debug|Any CPU
		{AE2744CE-0069-4604-9EFF-E2FA1DCD838B}.Release|Any CPU.ActiveCfg = Release|Any CPU
		{AE2744CE-0069-4604-9EFF-E2FA1DCD838B}.Release|Any CPU.Build.0 = Release|Any CPU
	EndGlobalSection
	GlobalSection(NestedProjects) = preSolution
		{AE2744CE-0069-4604-9EFF-E2FA1DCD838B} = {25A72C6C-0A87-48D3-B082-5CAD35C612B0}
	EndGlobalSection
EndGlobal
